// !$*UTF8*$!
{
	archiveVersion = 1;
	classes = {
	};
	objectVersion = 46;
	objects = {

/* Begin PBXBuildFile section */
		4B0A8CEA1D45C48E00F81466 /* News+CoreDataProperties.m in Sources */ = {isa = PBXBuildFile; fileRef = 4B0A8CE71D45C48E00F81466 /* News+CoreDataProperties.m */; };
		4B0A8CEB1D45C48E00F81466 /* News.m in Sources */ = {isa = PBXBuildFile; fileRef = 4B0A8CE91D45C48E00F81466 /* News.m */; };
		4B0A8CF31D4735B800F81466 /* CoreDataManager.m in Sources */ = {isa = PBXBuildFile; fileRef = 4B0A8CF21D4735B800F81466 /* CoreDataManager.m */; };
		4B343A0F1D42040C00CF0A92 /* main.m in Sources */ = {isa = PBXBuildFile; fileRef = 4B343A0E1D42040C00CF0A92 /* main.m */; };
		4B343A121D42040C00CF0A92 /* AppDelegate.m in Sources */ = {isa = PBXBuildFile; fileRef = 4B343A111D42040C00CF0A92 /* AppDelegate.m */; };
		4B343A151D42040C00CF0A92 /* ViewController.m in Sources */ = {isa = PBXBuildFile; fileRef = 4B343A141D42040C00CF0A92 /* ViewController.m */; };
		4B343A181D42040C00CF0A92 /* Main.storyboard in Resources */ = {isa = PBXBuildFile; fileRef = 4B343A161D42040C00CF0A92 /* Main.storyboard */; };
		4B343A1A1D42040C00CF0A92 /* Assets.xcassets in Resources */ = {isa = PBXBuildFile; fileRef = 4B343A191D42040C00CF0A92 /* Assets.xcassets */; };
		4B343A1D1D42040C00CF0A92 /* LaunchScreen.storyboard in Resources */ = {isa = PBXBuildFile; fileRef = 4B343A1B1D42040C00CF0A92 /* LaunchScreen.storyboard */; };
		4B343A281D42040C00CF0A92 /* Demo_CoreDataTests.m in Sources */ = {isa = PBXBuildFile; fileRef = 4B343A271D42040C00CF0A92 /* Demo_CoreDataTests.m */; };
		4B343A331D42040C00CF0A92 /* Demo_CoreDataUITests.m in Sources */ = {isa = PBXBuildFile; fileRef = 4B343A321D42040C00CF0A92 /* Demo_CoreDataUITests.m */; };
		4B343A451D42056C00CF0A92 /* NewsCell.m in Sources */ = {isa = PBXBuildFile; fileRef = 4B343A411D42056C00CF0A92 /* NewsCell.m */; };
		4B343A461D42056C00CF0A92 /* NewsCell.xib in Resources */ = {isa = PBXBuildFile; fileRef = 4B343A421D42056C00CF0A92 /* NewsCell.xib */; };
		4B343A4A1D42060900CF0A92 /* JSONKit.m in Sources */ = {isa = PBXBuildFile; fileRef = 4B343A491D42060900CF0A92 /* JSONKit.m */; settings = {COMPILER_FLAGS = "-fno-objc-arc"; }; };
		4B343A6D1D42066D00CF0A92 /* MKAnnotationView+WebCache.m in Sources */ = {isa = PBXBuildFile; fileRef = 4B343A4D1D42066D00CF0A92 /* MKAnnotationView+WebCache.m */; };
		4B343A6E1D42066D00CF0A92 /* NSData+ImageContentType.m in Sources */ = {isa = PBXBuildFile; fileRef = 4B343A4F1D42066D00CF0A92 /* NSData+ImageContentType.m */; };
		4B343A6F1D42066D00CF0A92 /* SDImageCache.m in Sources */ = {isa = PBXBuildFile; fileRef = 4B343A511D42066D00CF0A92 /* SDImageCache.m */; };
		4B343A701D42066D00CF0A92 /* SDWebImageCompat.m in Sources */ = {isa = PBXBuildFile; fileRef = 4B343A531D42066D00CF0A92 /* SDWebImageCompat.m */; };
		4B343A711D42066D00CF0A92 /* SDWebImageDecoder.m in Sources */ = {isa = PBXBuildFile; fileRef = 4B343A551D42066D00CF0A92 /* SDWebImageDecoder.m */; };
		4B343A721D42066D00CF0A92 /* SDWebImageDownloader.m in Sources */ = {isa = PBXBuildFile; fileRef = 4B343A571D42066D00CF0A92 /* SDWebImageDownloader.m */; };
		4B343A731D42066D00CF0A92 /* SDWebImageDownloaderOperation.m in Sources */ = {isa = PBXBuildFile; fileRef = 4B343A591D42066D00CF0A92 /* SDWebImageDownloaderOperation.m */; };
		4B343A741D42066D00CF0A92 /* SDWebImageManager.m in Sources */ = {isa = PBXBuildFile; fileRef = 4B343A5B1D42066D00CF0A92 /* SDWebImageManager.m */; };
		4B343A751D42066D00CF0A92 /* SDWebImagePrefetcher.m in Sources */ = {isa = PBXBuildFile; fileRef = 4B343A5E1D42066D00CF0A92 /* SDWebImagePrefetcher.m */; };
		4B343A761D42066D00CF0A92 /* UIButton+WebCache.m in Sources */ = {isa = PBXBuildFile; fileRef = 4B343A601D42066D00CF0A92 /* UIButton+WebCache.m */; };
		4B343A771D42066D00CF0A92 /* UIImage+GIF.m in Sources */ = {isa = PBXBuildFile; fileRef = 4B343A621D42066D00CF0A92 /* UIImage+GIF.m */; };
		4B343A781D42066D00CF0A92 /* UIImage+MultiFormat.m in Sources */ = {isa = PBXBuildFile; fileRef = 4B343A641D42066D00CF0A92 /* UIImage+MultiFormat.m */; };
		4B343A791D42066D00CF0A92 /* UIImage+WebP.m in Sources */ = {isa = PBXBuildFile; fileRef = 4B343A661D42066D00CF0A92 /* UIImage+WebP.m */; };
		4B343A7A1D42066D00CF0A92 /* UIImageView+HighlightedWebCache.m in Sources */ = {isa = PBXBuildFile; fileRef = 4B343A681D42066D00CF0A92 /* UIImageView+HighlightedWebCache.m */; };
		4B343A7B1D42066D00CF0A92 /* UIImageView+WebCache.m in Sources */ = {isa = PBXBuildFile; fileRef = 4B343A6A1D42066D00CF0A92 /* UIImageView+WebCache.m */; };
		4B343A7C1D42066D00CF0A92 /* UIView+WebCacheOperation.m in Sources */ = {isa = PBXBuildFile; fileRef = 4B343A6C1D42066D00CF0A92 /* UIView+WebCacheOperation.m */; };
		4B343A7F1D4212BD00CF0A92 /* NewsModel.xcdatamodeld in Sources */ = {isa = PBXBuildFile; fileRef = 4B343A7D1D4212BD00CF0A92 /* NewsModel.xcdatamodeld */; };
		4BF2EADE1D48973E00978CD9 /* News.txt in Resources */ = {isa = PBXBuildFile; fileRef = 4BF2EADD1D48973E00978CD9 /* News.txt */; };
/* End PBXBuildFile section */

/* Begin PBXContainerItemProxy section */
		4B343A241D42040C00CF0A92 /* PBXContainerItemProxy */ = {
			isa = PBXContainerItemProxy;
			containerPortal = 4B343A021D42040C00CF0A92 /* Project object */;
			proxyType = 1;
			remoteGlobalIDString = 4B343A091D42040C00CF0A92;
			remoteInfo = Demo_CoreData;
		};
		4B343A2F1D42040C00CF0A92 /* PBXContainerItemProxy */ = {
			isa = PBXContainerItemProxy;
			containerPortal = 4B343A021D42040C00CF0A92 /* Project object */;
			proxyType = 1;
			remoteGlobalIDString = 4B343A091D42040C00CF0A92;
			remoteInfo = Demo_CoreData;
		};
/* End PBXContainerItemProxy section */

/* Begin PBXFileReference section */
		4B0A8CE61D45C48E00F81466 /* News+CoreDataProperties.h */ = {isa = PBXFileReference; fileEncoding = 4; lastKnownFileType = sourcecode.c.h; name = "News+CoreDataProperties.h"; path = "../News+CoreDataProperties.h"; sourceTree = "<group>"; };
		4B0A8CE71D45C48E00F81466 /* News+CoreDataProperties.m */ = {isa = PBXFileReference; fileEncoding = 4; lastKnownFileType = sourcecode.c.objc; name = "News+CoreDataProperties.m"; path = "../News+CoreDataProperties.m"; sourceTree = "<group>"; };
		4B0A8CE81D45C48E00F81466 /* News.h */ = {isa = PBXFileReference; fileEncoding = 4; lastKnownFileType = sourcecode.c.h; name = News.h; path = ../News.h; sourceTree = "<group>"; };
		4B0A8CE91D45C48E00F81466 /* News.m */ = {isa = PBXFileReference; fileEncoding = 4; lastKnownFileType = sourcecode.c.objc; name = News.m; path = ../News.m; sourceTree = "<group>"; };
		4B0A8CF11D4735B800F81466 /* CoreDataManager.h */ = {isa = PBXFileReference; fileEncoding = 4; lastKnownFileType = sourcecode.c.h; path = CoreDataManager.h; sourceTree = "<group>"; };
		4B0A8CF21D4735B800F81466 /* CoreDataManager.m */ = {isa = PBXFileReference; fileEncoding = 4; lastKnownFileType = sourcecode.c.objc; path = CoreDataManager.m; sourceTree = "<group>"; };
		4B343A0A1D42040C00CF0A92 /* Demo_CoreData.app */ = {isa = PBXFileReference; explicitFileType = wrapper.application; includeInIndex = 0; path = Demo_CoreData.app; sourceTree = BUILT_PRODUCTS_DIR; };
		4B343A0E1D42040C00CF0A92 /* main.m */ = {isa = PBXFileReference; lastKnownFileType = sourcecode.c.objc; path = main.m; sourceTree = "<group>"; };
		4B343A101D42040C00CF0A92 /* AppDelegate.h */ = {isa = PBXFileReference; lastKnownFileType = sourcecode.c.h; path = AppDelegate.h; sourceTree = "<group>"; };
		4B343A111D42040C00CF0A92 /* AppDelegate.m */ = {isa = PBXFileReference; lastKnownFileType = sourcecode.c.objc; path = AppDelegate.m; sourceTree = "<group>"; };
		4B343A131D42040C00CF0A92 /* ViewController.h */ = {isa = PBXFileReference; lastKnownFileType = sourcecode.c.h; path = ViewController.h; sourceTree = "<group>"; };
		4B343A141D42040C00CF0A92 /* ViewController.m */ = {isa = PBXFileReference; lastKnownFileType = sourcecode.c.objc; path = ViewController.m; sourceTree = "<group>"; };
		4B343A171D42040C00CF0A92 /* Base */ = {isa = PBXFileReference; lastKnownFileType = file.storyboard; name = Base; path = Base.lproj/Main.storyboard; sourceTree = "<group>"; };
		4B343A191D42040C00CF0A92 /* Assets.xcassets */ = {isa = PBXFileReference; lastKnownFileType = folder.assetcatalog; path = Assets.xcassets; sourceTree = "<group>"; };
		4B343A1C1D42040C00CF0A92 /* Base */ = {isa = PBXFileReference; lastKnownFileType = file.storyboard; name = Base; path = Base.lproj/LaunchScreen.storyboard; sourceTree = "<group>"; };
		4B343A1E1D42040C00CF0A92 /* Info.plist */ = {isa = PBXFileReference; lastKnownFileType = text.plist.xml; path = Info.plist; sourceTree = "<group>"; };
		4B343A231D42040C00CF0A92 /* Demo_CoreDataTests.xctest */ = {isa = PBXFileReference; explicitFileType = wrapper.cfbundle; includeInIndex = 0; path = Demo_CoreDataTests.xctest; sourceTree = BUILT_PRODUCTS_DIR; };
		4B343A271D42040C00CF0A92 /* Demo_CoreDataTests.m */ = {isa = PBXFileReference; lastKnownFileType = sourcecode.c.objc; path = Demo_CoreDataTests.m; sourceTree = "<group>"; };
		4B343A291D42040C00CF0A92 /* Info.plist */ = {isa = PBXFileReference; lastKnownFileType = text.plist.xml; path = Info.plist; sourceTree = "<group>"; };
		4B343A2E1D42040C00CF0A92 /* Demo_CoreDataUITests.xctest */ = {isa = PBXFileReference; explicitFileType = wrapper.cfbundle; includeInIndex = 0; path = Demo_CoreDataUITests.xctest; sourceTree = BUILT_PRODUCTS_DIR; };
		4B343A321D42040C00CF0A92 /* Demo_CoreDataUITests.m */ = {isa = PBXFileReference; lastKnownFileType = sourcecode.c.objc; path = Demo_CoreDataUITests.m; sourceTree = "<group>"; };
		4B343A341D42040C00CF0A92 /* Info.plist */ = {isa = PBXFileReference; lastKnownFileType = text.plist.xml; path = Info.plist; sourceTree = "<group>"; };
		4B343A401D42056C00CF0A92 /* NewsCell.h */ = {isa = PBXFileReference; fileEncoding = 4; lastKnownFileType = sourcecode.c.h; path = NewsCell.h; sourceTree = "<group>"; };
		4B343A411D42056C00CF0A92 /* NewsCell.m */ = {isa = PBXFileReference; fileEncoding = 4; lastKnownFileType = sourcecode.c.objc; path = NewsCell.m; sourceTree = "<group>"; };
		4B343A421D42056C00CF0A92 /* NewsCell.xib */ = {isa = PBXFileReference; fileEncoding = 4; lastKnownFileType = file.xib; path = NewsCell.xib; sourceTree = "<group>"; };
		4B343A481D42060900CF0A92 /* JSONKit.h */ = {isa = PBXFileReference; fileEncoding = 4; lastKnownFileType = sourcecode.c.h; path = JSONKit.h; sourceTree = "<group>"; };
		4B343A491D42060900CF0A92 /* JSONKit.m */ = {isa = PBXFileReference; fileEncoding = 4; lastKnownFileType = sourcecode.c.objc; path = JSONKit.m; sourceTree = "<group>"; };
		4B343A4C1D42066D00CF0A92 /* MKAnnotationView+WebCache.h */ = {isa = PBXFileReference; fileEncoding = 4; lastKnownFileType = sourcecode.c.h; path = "MKAnnotationView+WebCache.h"; sourceTree = "<group>"; };
		4B343A4D1D42066D00CF0A92 /* MKAnnotationView+WebCache.m */ = {isa = PBXFileReference; fileEncoding = 4; lastKnownFileType = sourcecode.c.objc; path = "MKAnnotationView+WebCache.m"; sourceTree = "<group>"; };
		4B343A4E1D42066D00CF0A92 /* NSData+ImageContentType.h */ = {isa = PBXFileReference; fileEncoding = 4; lastKnownFileType = sourcecode.c.h; path = "NSData+ImageContentType.h"; sourceTree = "<group>"; };
		4B343A4F1D42066D00CF0A92 /* NSData+ImageContentType.m */ = {isa = PBXFileReference; fileEncoding = 4; lastKnownFileType = sourcecode.c.objc; path = "NSData+ImageContentType.m"; sourceTree = "<group>"; };
		4B343A501D42066D00CF0A92 /* SDImageCache.h */ = {isa = PBXFileReference; fileEncoding = 4; lastKnownFileType = sourcecode.c.h; path = SDImageCache.h; sourceTree = "<group>"; };
		4B343A511D42066D00CF0A92 /* SDImageCache.m */ = {isa = PBXFileReference; fileEncoding = 4; lastKnownFileType = sourcecode.c.objc; path = SDImageCache.m; sourceTree = "<group>"; };
		4B343A521D42066D00CF0A92 /* SDWebImageCompat.h */ = {isa = PBXFileReference; fileEncoding = 4; lastKnownFileType = sourcecode.c.h; path = SDWebImageCompat.h; sourceTree = "<group>"; };
		4B343A531D42066D00CF0A92 /* SDWebImageCompat.m */ = {isa = PBXFileReference; fileEncoding = 4; lastKnownFileType = sourcecode.c.objc; path = SDWebImageCompat.m; sourceTree = "<group>"; };
		4B343A541D42066D00CF0A92 /* SDWebImageDecoder.h */ = {isa = PBXFileReference; fileEncoding = 4; lastKnownFileType = sourcecode.c.h; path = SDWebImageDecoder.h; sourceTree = "<group>"; };
		4B343A551D42066D00CF0A92 /* SDWebImageDecoder.m */ = {isa = PBXFileReference; fileEncoding = 4; lastKnownFileType = sourcecode.c.objc; path = SDWebImageDecoder.m; sourceTree = "<group>"; };
		4B343A561D42066D00CF0A92 /* SDWebImageDownloader.h */ = {isa = PBXFileReference; fileEncoding = 4; lastKnownFileType = sourcecode.c.h; path = SDWebImageDownloader.h; sourceTree = "<group>"; };
		4B343A571D42066D00CF0A92 /* SDWebImageDownloader.m */ = {isa = PBXFileReference; fileEncoding = 4; lastKnownFileType = sourcecode.c.objc; path = SDWebImageDownloader.m; sourceTree = "<group>"; };
		4B343A581D42066D00CF0A92 /* SDWebImageDownloaderOperation.h */ = {isa = PBXFileReference; fileEncoding = 4; lastKnownFileType = sourcecode.c.h; path = SDWebImageDownloaderOperation.h; sourceTree = "<group>"; };
		4B343A591D42066D00CF0A92 /* SDWebImageDownloaderOperation.m */ = {isa = PBXFileReference; fileEncoding = 4; lastKnownFileType = sourcecode.c.objc; path = SDWebImageDownloaderOperation.m; sourceTree = "<group>"; };
		4B343A5A1D42066D00CF0A92 /* SDWebImageManager.h */ = {isa = PBXFileReference; fileEncoding = 4; lastKnownFileType = sourcecode.c.h; path = SDWebImageManager.h; sourceTree = "<group>"; };
		4B343A5B1D42066D00CF0A92 /* SDWebImageManager.m */ = {isa = PBXFileReference; fileEncoding = 4; lastKnownFileType = sourcecode.c.objc; path = SDWebImageManager.m; sourceTree = "<group>"; };
		4B343A5C1D42066D00CF0A92 /* SDWebImageOperation.h */ = {isa = PBXFileReference; fileEncoding = 4; lastKnownFileType = sourcecode.c.h; path = SDWebImageOperation.h; sourceTree = "<group>"; };
		4B343A5D1D42066D00CF0A92 /* SDWebImagePrefetcher.h */ = {isa = PBXFileReference; fileEncoding = 4; lastKnownFileType = sourcecode.c.h; path = SDWebImagePrefetcher.h; sourceTree = "<group>"; };
		4B343A5E1D42066D00CF0A92 /* SDWebImagePrefetcher.m */ = {isa = PBXFileReference; fileEncoding = 4; lastKnownFileType = sourcecode.c.objc; path = SDWebImagePrefetcher.m; sourceTree = "<group>"; };
		4B343A5F1D42066D00CF0A92 /* UIButton+WebCache.h */ = {isa = PBXFileReference; fileEncoding = 4; lastKnownFileType = sourcecode.c.h; path = "UIButton+WebCache.h"; sourceTree = "<group>"; };
		4B343A601D42066D00CF0A92 /* UIButton+WebCache.m */ = {isa = PBXFileReference; fileEncoding = 4; lastKnownFileType = sourcecode.c.objc; path = "UIButton+WebCache.m"; sourceTree = "<group>"; };
		4B343A611D42066D00CF0A92 /* UIImage+GIF.h */ = {isa = PBXFileReference; fileEncoding = 4; lastKnownFileType = sourcecode.c.h; path = "UIImage+GIF.h"; sourceTree = "<group>"; };
		4B343A621D42066D00CF0A92 /* UIImage+GIF.m */ = {isa = PBXFileReference; fileEncoding = 4; lastKnownFileType = sourcecode.c.objc; path = "UIImage+GIF.m"; sourceTree = "<group>"; };
		4B343A631D42066D00CF0A92 /* UIImage+MultiFormat.h */ = {isa = PBXFileReference; fileEncoding = 4; lastKnownFileType = sourcecode.c.h; path = "UIImage+MultiFormat.h"; sourceTree = "<group>"; };
		4B343A641D42066D00CF0A92 /* UIImage+MultiFormat.m */ = {isa = PBXFileReference; fileEncoding = 4; lastKnownFileType = sourcecode.c.objc; path = "UIImage+MultiFormat.m"; sourceTree = "<group>"; };
		4B343A651D42066D00CF0A92 /* UIImage+WebP.h */ = {isa = PBXFileReference; fileEncoding = 4; lastKnownFileType = sourcecode.c.h; path = "UIImage+WebP.h"; sourceTree = "<group>"; };
		4B343A661D42066D00CF0A92 /* UIImage+WebP.m */ = {isa = PBXFileReference; fileEncoding = 4; lastKnownFileType = sourcecode.c.objc; path = "UIImage+WebP.m"; sourceTree = "<group>"; };
		4B343A671D42066D00CF0A92 /* UIImageView+HighlightedWebCache.h */ = {isa = PBXFileReference; fileEncoding = 4; lastKnownFileType = sourcecode.c.h; path = "UIImageView+HighlightedWebCache.h"; sourceTree = "<group>"; };
		4B343A681D42066D00CF0A92 /* UIImageView+HighlightedWebCache.m */ = {isa = PBXFileReference; fileEncoding = 4; lastKnownFileType = sourcecode.c.objc; path = "UIImageView+HighlightedWebCache.m"; sourceTree = "<group>"; };
		4B343A691D42066D00CF0A92 /* UIImageView+WebCache.h */ = {isa = PBXFileReference; fileEncoding = 4; lastKnownFileType = sourcecode.c.h; path = "UIImageView+WebCache.h"; sourceTree = "<group>"; };
		4B343A6A1D42066D00CF0A92 /* UIImageView+WebCache.m */ = {isa = PBXFileReference; fileEncoding = 4; lastKnownFileType = sourcecode.c.objc; path = "UIImageView+WebCache.m"; sourceTree = "<group>"; };
		4B343A6B1D42066D00CF0A92 /* UIView+WebCacheOperation.h */ = {isa = PBXFileReference; fileEncoding = 4; lastKnownFileType = sourcecode.c.h; path = "UIView+WebCacheOperation.h"; sourceTree = "<group>"; };
		4B343A6C1D42066D00CF0A92 /* UIView+WebCacheOperation.m */ = {isa = PBXFileReference; fileEncoding = 4; lastKnownFileType = sourcecode.c.objc; path = "UIView+WebCacheOperation.m"; sourceTree = "<group>"; };
		4B343A7E1D4212BD00CF0A92 /* NewsModel.xcdatamodel */ = {isa = PBXFileReference; lastKnownFileType = wrapper.xcdatamodel; path = NewsModel.xcdatamodel; sourceTree = "<group>"; };
		4B343A801D4212EF00CF0A92 /* PrefixHeader.pch */ = {isa = PBXFileReference; lastKnownFileType = sourcecode.c.h; path = PrefixHeader.pch; sourceTree = "<group>"; };
		4BF2EADD1D48973E00978CD9 /* News.txt */ = {isa = PBXFileReference; fileEncoding = 4; lastKnownFileType = text; path = News.txt; sourceTree = "<group>"; };
/* End PBXFileReference section */

/* Begin PBXFrameworksBuildPhase section */
		4B343A071D42040C00CF0A92 /* Frameworks */ = {
			isa = PBXFrameworksBuildPhase;
			buildActionMask = 2147483647;
			files = (
			);
			runOnlyForDeploymentPostprocessing = 0;
		};
		4B343A201D42040C00CF0A92 /* Frameworks */ = {
			isa = PBXFrameworksBuildPhase;
			buildActionMask = 2147483647;
			files = (
			);
			runOnlyForDeploymentPostprocessing = 0;
		};
		4B343A2B1D42040C00CF0A92 /* Frameworks */ = {
			isa = PBXFrameworksBuildPhase;
			buildActionMask = 2147483647;
			files = (
			);
			runOnlyForDeploymentPostprocessing = 0;
		};
/* End PBXFrameworksBuildPhase section */

/* Begin PBXGroup section */
		4B343A011D42040C00CF0A92 = {
			isa = PBXGroup;
			children = (
				4B343A0C1D42040C00CF0A92 /* Demo_CoreData */,
				4B343A261D42040C00CF0A92 /* Demo_CoreDataTests */,
				4B343A311D42040C00CF0A92 /* Demo_CoreDataUITests */,
				4B343A0B1D42040C00CF0A92 /* Products */,
			);
			sourceTree = "<group>";
		};
		4B343A0B1D42040C00CF0A92 /* Products */ = {
			isa = PBXGroup;
			children = (
				4B343A0A1D42040C00CF0A92 /* Demo_CoreData.app */,
				4B343A231D42040C00CF0A92 /* Demo_CoreDataTests.xctest */,
				4B343A2E1D42040C00CF0A92 /* Demo_CoreDataUITests.xctest */,
			);
			name = Products;
			sourceTree = "<group>";
		};
		4B343A0C1D42040C00CF0A92 /* Demo_CoreData */ = {
			isa = PBXGroup;
			children = (
				4B343A101D42040C00CF0A92 /* AppDelegate.h */,
				4B343A111D42040C00CF0A92 /* AppDelegate.m */,
				4B343A131D42040C00CF0A92 /* ViewController.h */,
				4B343A141D42040C00CF0A92 /* ViewController.m */,
				4BF2EAED1D48B4F600978CD9 /* Tools */,
				4BF2EAEC1D48B4CA00978CD9 /* Models */,
				4BF2EAEB1D48B4BC00978CD9 /* Views */,
				4B343A161D42040C00CF0A92 /* Main.storyboard */,
				4B343A191D42040C00CF0A92 /* Assets.xcassets */,
				4B343A1B1D42040C00CF0A92 /* LaunchScreen.storyboard */,
				4B343A1E1D42040C00CF0A92 /* Info.plist */,
				4B343A4B1D42066D00CF0A92 /* SDWebImage */,
				4B343A481D42060900CF0A92 /* JSONKit.h */,
				4B343A491D42060900CF0A92 /* JSONKit.m */,
				4B343A0D1D42040C00CF0A92 /* Supporting Files */,
			);
			path = Demo_CoreData;
			sourceTree = "<group>";
		};
		4B343A0D1D42040C00CF0A92 /* Supporting Files */ = {
			isa = PBXGroup;
			children = (
				4B343A0E1D42040C00CF0A92 /* main.m */,
				4B343A801D4212EF00CF0A92 /* PrefixHeader.pch */,
			);
			name = "Supporting Files";
			sourceTree = "<group>";
		};
		4B343A261D42040C00CF0A92 /* Demo_CoreDataTests */ = {
			isa = PBXGroup;
			children = (
				4B343A271D42040C00CF0A92 /* Demo_CoreDataTests.m */,
				4B343A291D42040C00CF0A92 /* Info.plist */,
			);
			path = Demo_CoreDataTests;
			sourceTree = "<group>";
		};
		4B343A311D42040C00CF0A92 /* Demo_CoreDataUITests */ = {
			isa = PBXGroup;
			children = (
				4B343A321D42040C00CF0A92 /* Demo_CoreDataUITests.m */,
				4B343A341D42040C00CF0A92 /* Info.plist */,
			);
			path = Demo_CoreDataUITests;
			sourceTree = "<group>";
		};
		4B343A4B1D42066D00CF0A92 /* SDWebImage */ = {
			isa = PBXGroup;
			children = (
				4B343A4C1D42066D00CF0A92 /* MKAnnotationView+WebCache.h */,
				4B343A4D1D42066D00CF0A92 /* MKAnnotationView+WebCache.m */,
				4B343A4E1D42066D00CF0A92 /* NSData+ImageContentType.h */,
				4B343A4F1D42066D00CF0A92 /* NSData+ImageContentType.m */,
				4B343A501D42066D00CF0A92 /* SDImageCache.h */,
				4B343A511D42066D00CF0A92 /* SDImageCache.m */,
				4B343A521D42066D00CF0A92 /* SDWebImageCompat.h */,
				4B343A531D42066D00CF0A92 /* SDWebImageCompat.m */,
				4B343A541D42066D00CF0A92 /* SDWebImageDecoder.h */,
				4B343A551D42066D00CF0A92 /* SDWebImageDecoder.m */,
				4B343A561D42066D00CF0A92 /* SDWebImageDownloader.h */,
				4B343A571D42066D00CF0A92 /* SDWebImageDownloader.m */,
				4B343A581D42066D00CF0A92 /* SDWebImageDownloaderOperation.h */,
				4B343A591D42066D00CF0A92 /* SDWebImageDownloaderOperation.m */,
				4B343A5A1D42066D00CF0A92 /* SDWebImageManager.h */,
				4B343A5B1D42066D00CF0A92 /* SDWebImageManager.m */,
				4B343A5C1D42066D00CF0A92 /* SDWebImageOperation.h */,
				4B343A5D1D42066D00CF0A92 /* SDWebImagePrefetcher.h */,
				4B343A5E1D42066D00CF0A92 /* SDWebImagePrefetcher.m */,
				4B343A5F1D42066D00CF0A92 /* UIButton+WebCache.h */,
				4B343A601D42066D00CF0A92 /* UIButton+WebCache.m */,
				4B343A611D42066D00CF0A92 /* UIImage+GIF.h */,
				4B343A621D42066D00CF0A92 /* UIImage+GIF.m */,
				4B343A631D42066D00CF0A92 /* UIImage+MultiFormat.h */,
				4B343A641D42066D00CF0A92 /* UIImage+MultiFormat.m */,
				4B343A651D42066D00CF0A92 /* UIImage+WebP.h */,
				4B343A661D42066D00CF0A92 /* UIImage+WebP.m */,
				4B343A671D42066D00CF0A92 /* UIImageView+HighlightedWebCache.h */,
				4B343A681D42066D00CF0A92 /* UIImageView+HighlightedWebCache.m */,
				4B343A691D42066D00CF0A92 /* UIImageView+WebCache.h */,
				4B343A6A1D42066D00CF0A92 /* UIImageView+WebCache.m */,
				4B343A6B1D42066D00CF0A92 /* UIView+WebCacheOperation.h */,
				4B343A6C1D42066D00CF0A92 /* UIView+WebCacheOperation.m */,
			);
			path = SDWebImage;
			sourceTree = "<group>";
		};
		4BF2EAEB1D48B4BC00978CD9 /* Views */ = {
			isa = PBXGroup;
			children = (
				4B343A401D42056C00CF0A92 /* NewsCell.h */,
				4B343A411D42056C00CF0A92 /* NewsCell.m */,
				4B343A421D42056C00CF0A92 /* NewsCell.xib */,
				4BF2EADD1D48973E00978CD9 /* News.txt */,
			);
			name = Views;
			sourceTree = "<group>";
		};
		4BF2EAEC1D48B4CA00978CD9 /* Models */ = {
			isa = PBXGroup;
			children = (
				4B343A7D1D4212BD00CF0A92 /* NewsModel.xcdatamodeld */,
				4B0A8CE61D45C48E00F81466 /* News+CoreDataProperties.h */,
				4B0A8CE71D45C48E00F81466 /* News+CoreDataProperties.m */,
				4B0A8CE81D45C48E00F81466 /* News.h */,
				4B0A8CE91D45C48E00F81466 /* News.m */,
			);
			name = Models;
			sourceTree = "<group>";
		};
		4BF2EAED1D48B4F600978CD9 /* Tools */ = {
			isa = PBXGroup;
			children = (
				4B0A8CF11D4735B800F81466 /* CoreDataManager.h */,
				4B0A8CF21D4735B800F81466 /* CoreDataManager.m */,
			);
			name = Tools;
			sourceTree = "<group>";
		};
/* End PBXGroup section */

/* Begin PBXNativeTarget section */
		4B343A091D42040C00CF0A92 /* Demo_CoreData */ = {
			isa = PBXNativeTarget;
			buildConfigurationList = 4B343A371D42040C00CF0A92 /* Build configuration list for PBXNativeTarget "Demo_CoreData" */;
			buildPhases = (
				4B343A061D42040C00CF0A92 /* Sources */,
				4B343A071D42040C00CF0A92 /* Frameworks */,
				4B343A081D42040C00CF0A92 /* Resources */,
			);
			buildRules = (
			);
			dependencies = (
			);
			name = Demo_CoreData;
			productName = Demo_CoreData;
			productReference = 4B343A0A1D42040C00CF0A92 /* Demo_CoreData.app */;
			productType = "com.apple.product-type.application";
		};
		4B343A221D42040C00CF0A92 /* Demo_CoreDataTests */ = {
			isa = PBXNativeTarget;
			buildConfigurationList = 4B343A3A1D42040C00CF0A92 /* Build configuration list for PBXNativeTarget "Demo_CoreDataTests" */;
			buildPhases = (
				4B343A1F1D42040C00CF0A92 /* Sources */,
				4B343A201D42040C00CF0A92 /* Frameworks */,
				4B343A211D42040C00CF0A92 /* Resources */,
			);
			buildRules = (
			);
			dependencies = (
				4B343A251D42040C00CF0A92 /* PBXTargetDependency */,
			);
			name = Demo_CoreDataTests;
			productName = Demo_CoreDataTests;
			productReference = 4B343A231D42040C00CF0A92 /* Demo_CoreDataTests.xctest */;
			productType = "com.apple.product-type.bundle.unit-test";
		};
		4B343A2D1D42040C00CF0A92 /* Demo_CoreDataUITests */ = {
			isa = PBXNativeTarget;
			buildConfigurationList = 4B343A3D1D42040C00CF0A92 /* Build configuration list for PBXNativeTarget "Demo_CoreDataUITests" */;
			buildPhases = (
				4B343A2A1D42040C00CF0A92 /* Sources */,
				4B343A2B1D42040C00CF0A92 /* Frameworks */,
				4B343A2C1D42040C00CF0A92 /* Resources */,
			);
			buildRules = (
			);
			dependencies = (
				4B343A301D42040C00CF0A92 /* PBXTargetDependency */,
			);
			name = Demo_CoreDataUITests;
			productName = Demo_CoreDataUITests;
			productReference = 4B343A2E1D42040C00CF0A92 /* Demo_CoreDataUITests.xctest */;
			productType = "com.apple.product-type.bundle.ui-testing";
		};
/* End PBXNativeTarget section */

/* Begin PBXProject section */
		4B343A021D42040C00CF0A92 /* Project object */ = {
			isa = PBXProject;
			attributes = {
				LastUpgradeCheck = 0730;
				ORGANIZATIONNAME = wangpanpan;
				TargetAttributes = {
					4B343A091D42040C00CF0A92 = {
						CreatedOnToolsVersion = 7.3.1;
					};
					4B343A221D42040C00CF0A92 = {
						CreatedOnToolsVersion = 7.3.1;
						TestTargetID = 4B343A091D42040C00CF0A92;
					};
					4B343A2D1D42040C00CF0A92 = {
						CreatedOnToolsVersion = 7.3.1;
						TestTargetID = 4B343A091D42040C00CF0A92;
					};
				};
			};
			buildConfigurationList = 4B343A051D42040C00CF0A92 /* Build configuration list for PBXProject "Demo_CoreData" */;
			compatibilityVersion = "Xcode 3.2";
			developmentRegion = English;
			hasScannedForEncodings = 0;
			knownRegions = (
				en,
				Base,
			);
			mainGroup = 4B343A011D42040C00CF0A92;
			productRefGroup = 4B343A0B1D42040C00CF0A92 /* Products */;
			projectDirPath = "";
			projectRoot = "";
			targets = (
				4B343A091D42040C00CF0A92 /* Demo_CoreData */,
				4B343A221D42040C00CF0A92 /* Demo_CoreDataTests */,
				4B343A2D1D42040C00CF0A92 /* Demo_CoreDataUITests */,
			);
		};
/* End PBXProject section */

/* Begin PBXResourcesBuildPhase section */
		4B343A081D42040C00CF0A92 /* Resources */ = {
			isa = PBXResourcesBuildPhase;
			buildActionMask = 2147483647;
			files = (
				4BF2EADE1D48973E00978CD9 /* News.txt in Resources */,
				4B343A1D1D42040C00CF0A92 /* LaunchScreen.storyboard in Resources */,
				4B343A1A1D42040C00CF0A92 /* Assets.xcassets in Resources */,
				4B343A461D42056C00CF0A92 /* NewsCell.xib in Resources */,
				4B343A181D42040C00CF0A92 /* Main.storyboard in Resources */,
			);
			runOnlyForDeploymentPostprocessing = 0;
		};
		4B343A211D42040C00CF0A92 /* Resources */ = {
			isa = PBXResourcesBuildPhase;
			buildActionMask = 2147483647;
			files = (
			);
			runOnlyForDeploymentPostprocessing = 0;
		};
		4B343A2C1D42040C00CF0A92 /* Resources */ = {
			isa = PBXResourcesBuildPhase;
			buildActionMask = 2147483647;
			files = (
			);
			runOnlyForDeploymentPostprocessing = 0;
		};
/* End PBXResourcesBuildPhase section */

/* Begin PBXSourcesBuildPhase section */
		4B343A061D42040C00CF0A92 /* Sources */ = {
			isa = PBXSourcesBuildPhase;
			buildActionMask = 2147483647;
			files = (
				4B343A741D42066D00CF0A92 /* SDWebImageManager.m in Sources */,
				4B343A6F1D42066D00CF0A92 /* SDImageCache.m in Sources */,
				4B0A8CF31D4735B800F81466 /* CoreDataManager.m in Sources */,
				4B343A731D42066D00CF0A92 /* SDWebImageDownloaderOperation.m in Sources */,
				4B343A7C1D42066D00CF0A92 /* UIView+WebCacheOperation.m in Sources */,
				4B343A151D42040C00CF0A92 /* ViewController.m in Sources */,
				4B343A761D42066D00CF0A92 /* UIButton+WebCache.m in Sources */,
				4B343A6E1D42066D00CF0A92 /* NSData+ImageContentType.m in Sources */,
				4B343A751D42066D00CF0A92 /* SDWebImagePrefetcher.m in Sources */,
				4B343A721D42066D00CF0A92 /* SDWebImageDownloader.m in Sources */,
				4B343A4A1D42060900CF0A92 /* JSONKit.m in Sources */,
				4B343A791D42066D00CF0A92 /* UIImage+WebP.m in Sources */,
				4B343A7B1D42066D00CF0A92 /* UIImageView+WebCache.m in Sources */,
				4B343A711D42066D00CF0A92 /* SDWebImageDecoder.m in Sources */,
				4B343A7F1D4212BD00CF0A92 /* NewsModel.xcdatamodeld in Sources */,
				4B0A8CEB1D45C48E00F81466 /* News.m in Sources */,
				4B343A121D42040C00CF0A92 /* AppDelegate.m in Sources */,
				4B343A6D1D42066D00CF0A92 /* MKAnnotationView+WebCache.m in Sources */,
				4B343A701D42066D00CF0A92 /* SDWebImageCompat.m in Sources */,
				4B343A451D42056C00CF0A92 /* NewsCell.m in Sources */,
				4B343A0F1D42040C00CF0A92 /* main.m in Sources */,
				4B343A781D42066D00CF0A92 /* UIImage+MultiFormat.m in Sources */,
				4B343A7A1D42066D00CF0A92 /* UIImageView+HighlightedWebCache.m in Sources */,
				4B0A8CEA1D45C48E00F81466 /* News+CoreDataProperties.m in Sources */,
				4B343A771D42066D00CF0A92 /* UIImage+GIF.m in Sources */,
			);
			runOnlyForDeploymentPostprocessing = 0;
		};
		4B343A1F1D42040C00CF0A92 /* Sources */ = {
			isa = PBXSourcesBuildPhase;
			buildActionMask = 2147483647;
			files = (
				4B343A281D42040C00CF0A92 /* Demo_CoreDataTests.m in Sources */,
			);
			runOnlyForDeploymentPostprocessing = 0;
		};
		4B343A2A1D42040C00CF0A92 /* Sources */ = {
			isa = PBXSourcesBuildPhase;
			buildActionMask = 2147483647;
			files = (
				4B343A331D42040C00CF0A92 /* Demo_CoreDataUITests.m in Sources */,
			);
			runOnlyForDeploymentPostprocessing = 0;
		};
/* End PBXSourcesBuildPhase section */

/* Begin PBXTargetDependency section */
		4B343A251D42040C00CF0A92 /* PBXTargetDependency */ = {
			isa = PBXTargetDependency;
			target = 4B343A091D42040C00CF0A92 /* Demo_CoreData */;
			targetProxy = 4B343A241D42040C00CF0A92 /* PBXContainerItemProxy */;
		};
		4B343A301D42040C00CF0A92 /* PBXTargetDependency */ = {
			isa = PBXTargetDependency;
			target = 4B343A091D42040C00CF0A92 /* Demo_CoreData */;
			targetProxy = 4B343A2F1D42040C00CF0A92 /* PBXContainerItemProxy */;
		};
/* End PBXTargetDependency section */

/* Begin PBXVariantGroup section */
		4B343A161D42040C00CF0A92 /* Main.storyboard */ = {
			isa = PBXVariantGroup;
			children = (
				4B343A171D42040C00CF0A92 /* Base */,
			);
			name = Main.storyboard;
			sourceTree = "<group>";
		};
		4B343A1B1D42040C00CF0A92 /* LaunchScreen.storyboard */ = {
			isa = PBXVariantGroup;
			children = (
				4B343A1C1D42040C00CF0A92 /* Base */,
			);
			name = LaunchScreen.storyboard;
			sourceTree = "<group>";
		};
/* End PBXVariantGroup section */

/* Begin XCBuildConfiguration section */
		4B343A351D42040C00CF0A92 /* Debug */ = {
			isa = XCBuildConfiguration;
			buildSettings = {
				ALWAYS_SEARCH_USER_PATHS = NO;
				CLANG_ANALYZER_NONNULL = YES;
				CLANG_CXX_LANGUAGE_STANDARD = "gnu++0x";
				CLANG_CXX_LIBRARY = "libc++";
				CLANG_ENABLE_MODULES = YES;
				CLANG_ENABLE_OBJC_ARC = YES;
				CLANG_WARN_BOOL_CONVERSION = YES;
				CLANG_WARN_CONSTANT_CONVERSION = YES;
				CLANG_WARN_DIRECT_OBJC_ISA_USAGE = YES_ERROR;
				CLANG_WARN_EMPTY_BODY = YES;
				CLANG_WARN_ENUM_CONVERSION = YES;
				CLANG_WARN_INT_CONVERSION = YES;
				CLANG_WARN_OBJC_ROOT_CLASS = YES_ERROR;
				CLANG_WARN_UNREACHABLE_CODE = YES;
				CLANG_WARN__DUPLICATE_METHOD_MATCH = YES;
				"CODE_SIGN_IDENTITY[sdk=iphoneos*]" = "iPhone Developer";
				COPY_PHASE_STRIP = NO;
				DEBUG_INFORMATION_FORMAT = dwarf;
				ENABLE_STRICT_OBJC_MSGSEND = YES;
				ENABLE_TESTABILITY = YES;
				GCC_C_LANGUAGE_STANDARD = gnu99;
				GCC_DYNAMIC_NO_PIC = NO;
				GCC_NO_COMMON_BLOCKS = YES;
				GCC_OPTIMIZATION_LEVEL = 0;
				GCC_PREPROCESSOR_DEFINITIONS = (
					"DEBUG=1",
					"$(inherited)",
				);
				GCC_WARN_64_TO_32_BIT_CONVERSION = YES;
				GCC_WARN_ABOUT_RETURN_TYPE = YES_ERROR;
				GCC_WARN_UNDECLARED_SELECTOR = YES;
				GCC_WARN_UNINITIALIZED_AUTOS = YES_AGGRESSIVE;
				GCC_WARN_UNUSED_FUNCTION = YES;
				GCC_WARN_UNUSED_VARIABLE = YES;
				IPHONEOS_DEPLOYMENT_TARGET = 9.3;
				MTL_ENABLE_DEBUG_INFO = YES;
				ONLY_ACTIVE_ARCH = YES;
				SDKROOT = iphoneos;
				TARGETED_DEVICE_FAMILY = "1,2";
			};
			name = Debug;
		};
		4B343A361D42040C00CF0A92 /* Release */ = {
			isa = XCBuildConfiguration;
			buildSettings = {
				ALWAYS_SEARCH_USER_PATHS = NO;
				CLANG_ANALYZER_NONNULL = YES;
				CLANG_CXX_LANGUAGE_STANDARD = "gnu++0x";
				CLANG_CXX_LIBRARY = "libc++";
				CLANG_ENABLE_MODULES = YES;
				CLANG_ENABLE_OBJC_ARC = YES;
				CLANG_WARN_BOOL_CONVERSION = YES;
				CLANG_WARN_CONSTANT_CONVERSION = YES;
				CLANG_WARN_DIRECT_OBJC_ISA_USAGE = YES_ERROR;
				CLANG_WARN_EMPTY_BODY = YES;
				CLANG_WARN_ENUM_CONVERSION = YES;
				CLANG_WARN_INT_CONVERSION = YES;
				CLANG_WARN_OBJC_ROOT_CLASS = YES_ERROR;
				CLANG_WARN_UNREACHABLE_CODE = YES;
				CLANG_WARN__DUPLICATE_METHOD_MATCH = YES;
				"CODE_SIGN_IDENTITY[sdk=iphoneos*]" = "iPhone Developer";
				COPY_PHASE_STRIP = NO;
				DEBUG_INFORMATION_FORMAT = "dwarf-with-dsym";
				ENABLE_NS_ASSERTIONS = NO;
				ENABLE_STRICT_OBJC_MSGSEND = YES;
				GCC_C_LANGUAGE_STANDARD = gnu99;
				GCC_NO_COMMON_BLOCKS = YES;
				GCC_WARN_64_TO_32_BIT_CONVERSION = YES;
				GCC_WARN_ABOUT_RETURN_TYPE = YES_ERROR;
				GCC_WARN_UNDECLARED_SELECTOR = YES;
				GCC_WARN_UNINITIALIZED_AUTOS = YES_AGGRESSIVE;
				GCC_WARN_UNUSED_FUNCTION = YES;
				GCC_WARN_UNUSED_VARIABLE = YES;
				IPHONEOS_DEPLOYMENT_TARGET = 9.3;
				MTL_ENABLE_DEBUG_INFO = NO;
				SDKROOT = iphoneos;
				TARGETED_DEVICE_FAMILY = "1,2";
				VALIDATE_PRODUCT = YES;
			};
			name = Release;
		};
		4B343A381D42040C00CF0A92 /* Debug */ = {
			isa = XCBuildConfiguration;
			buildSettings = {
				ASSETCATALOG_COMPILER_APPICON_NAME = AppIcon;
				GCC_PREFIX_HEADER = "$(SRCROOT)/Demo_CoreData/PrefixHeader.pch";
				INFOPLIST_FILE = Demo_CoreData/Info.plist;
				LD_RUNPATH_SEARCH_PATHS = "$(inherited) @executable_path/Frameworks";
				PRODUCT_BUNDLE_IDENTIFIER = "wangpanpan.Demo-CoreData";
				PRODUCT_NAME = "$(TARGET_NAME)";
			};
			name = Debug;
		};
		4B343A391D42040C00CF0A92 /* Release */ = {
			isa = XCBuildConfiguration;
			buildSettings = {
				ASSETCATALOG_COMPILER_APPICON_NAME = AppIcon;
				GCC_PREFIX_HEADER = "$(SRCROOT)/Demo_CoreData/PrefixHeader.pch";
				INFOPLIST_FILE = Demo_CoreData/Info.plist;
				LD_RUNPATH_SEARCH_PATHS = "$(inherited) @executable_path/Frameworks";
				PRODUCT_BUNDLE_IDENTIFIER = "wangpanpan.Demo-CoreData";
				PRODUCT_NAME = "$(TARGET_NAME)";
			};
			name = Release;
		};
		4B343A3B1D42040C00CF0A92 /* Debug */ = {
			isa = XCBuildConfiguration;
			buildSettings = {
				BUNDLE_LOADER = "$(TEST_HOST)";
				INFOPLIST_FILE = Demo_CoreDataTests/Info.plist;
				LD_RUNPATH_SEARCH_PATHS = "$(inherited) @executable_path/Frameworks @loader_path/Frameworks";
				PRODUCT_BUNDLE_IDENTIFIER = "wangpanpan.Demo-CoreDataTests";
				PRODUCT_NAME = "$(TARGET_NAME)";
				TEST_HOST = "$(BUILT_PRODUCTS_DIR)/Demo_CoreData.app/Demo_CoreData";
			};
			name = Debug;
		};
		4B343A3C1D42040C00CF0A92 /* Release */ = {
			isa = XCBuildConfiguration;
			buildSettings = {
				BUNDLE_LOADER = "$(TEST_HOST)";
				INFOPLIST_FILE = Demo_CoreDataTests/Info.plist;
				LD_RUNPATH_SEARCH_PATHS = "$(inherited) @executable_path/Frameworks @loader_path/Frameworks";
				PRODUCT_BUNDLE_IDENTIFIER = "wangpanpan.Demo-CoreDataTests";
				PRODUCT_NAME = "$(TARGET_NAME)";
				TEST_HOST = "$(BUILT_PRODUCTS_DIR)/Demo_CoreData.app/Demo_CoreData";
			};
			name = Release;
		};
		4B343A3E1D42040C00CF0A92 /* Debug */ = {
			isa = XCBuildConfiguration;
			buildSettings = {
				INFOPLIST_FILE = Demo_CoreDataUITests/Info.plist;
				LD_RUNPATH_SEARCH_PATHS = "$(inherited) @executable_path/Frameworks @loader_path/Frameworks";
				PRODUCT_BUNDLE_IDENTIFIER = "wangpanpan.Demo-CoreDataUITests";
				PRODUCT_NAME = "$(TARGET_NAME)";
				TEST_TARGET_NAME = Demo_CoreData;
			};
			name = Debug;
		};
		4B343A3F1D42040C00CF0A92 /* Release */ = {
			isa = XCBuildConfiguration;
			buildSettings = {
				INFOPLIST_FILE = Demo_CoreDataUITests/Info.plist;
				LD_RUNPATH_SEARCH_PATHS = "$(inherited) @executable_path/Frameworks @loader_path/Frameworks";
				PRODUCT_BUNDLE_IDENTIFIER = "wangpanpan.Demo-CoreDataUITests";
				PRODUCT_NAME = "$(TARGET_NAME)";
				TEST_TARGET_NAME = Demo_CoreData;
			};
			name = Release;
		};
/* End XCBuildConfiguration section */

/* Begin XCConfigurationList section */
		4B343A051D42040C00CF0A92 /* Build configuration list for PBXProject "Demo_CoreData" */ = {
			isa = XCConfigurationList;
			buildConfigurations = (
				4B343A351D42040C00CF0A92 /* Debug */,
				4B343A361D42040C00CF0A92 /* Release */,
			);
			defaultConfigurationIsVisible = 0;
			defaultConfigurationName = Release;
		};
		4B343A371D42040C00CF0A92 /* Build configuration list for PBXNativeTarget "Demo_CoreData" */ = {
			isa = XCConfigurationList;
			buildConfigurations = (
				4B343A381D42040C00CF0A92 /* Debug */,
				4B343A391D42040C00CF0A92 /* Release */,
			);
			defaultConfigurationIsVisible = 0;
			defaultConfigurationName = Release;
		};
		4B343A3A1D42040C00CF0A92 /* Build configuration list for PBXNativeTarget "Demo_CoreDataTests" */ = {
			isa = XCConfigurationList;
			buildConfigurations = (
				4B343A3B1D42040C00CF0A92 /* Debug */,
				4B343A3C1D42040C00CF0A92 /* Release */,
			);
			defaultConfigurationIsVisible = 0;
			defaultConfigurationName = Release;
		};
		4B343A3D1D42040C00CF0A92 /* Build configuration list for PBXNativeTarget "Demo_CoreDataUITests" */ = {
			isa = XCConfigurationList;
			buildConfigurations = (
				4B343A3E1D42040C00CF0A92 /* Debug */,
				4B343A3F1D42040C00CF0A92 /* Release */,
			);
			defaultConfigurationIsVisible = 0;
			defaultConfigurationName = Release;
		};
/* End XCConfigurationList section */

/* Begin XCVersionGroup section */
		4B343A7D1D4212BD00CF0A92 /* NewsModel.xcdatamodeld */ = {
			isa = XCVersionGroup;
			children = (
				4B343A7E1D4212BD00CF0A92 /* NewsModel.xcdatamodel */,
			);
			currentVersion = 4B343A7E1D4212BD00CF0A92 /* NewsModel.xcdatamodel */;
			path = NewsModel.xcdatamodeld;
			sourceTree = "<group>";
			versionGroupType = wrapper.xcdatamodel;
		};
/* End XCVersionGroup section */
	};
	rootObject = 4B343A021D42040C00CF0A92 /* Project object */;
}
